
Microsoft Visual Studio Solution File, Format Version 12.00
# Visual Studio 15
VisualStudioVersion = 15.0.27130.2027
MinimumVisualStudioVersion = 10.0.40219.1
Project("{FAE04EC0-301F-11D3-BF4B-00C04F79EFBC}") = "FootballObjectContracts", "FootballObjectContracts\FootballObjectContracts.csproj", "{FCCFCE05-0D17-48B6-A013-6FE795EE2C90}"
EndProject
Project("{FAE04EC0-301F-11D3-BF4B-00C04F79EFBC}") = "FootballObjects", "FootballObjects\FootballObjects.csproj", "{36FB0424-EDFF-43F2-A8A1-B35E7AB90784}"
EndProject
Project("{FAE04EC0-301F-11D3-BF4B-00C04F79EFBC}") = "Testing", "Testing\Testing.csproj", "{1D6E84C5-F9E9-42C5-BD19-732B27C07F8C}"
	ProjectSection(ProjectDependencies) = postProject
		{36FB0424-EDFF-43F2-A8A1-B35E7AB90784} = {36FB0424-EDFF-43F2-A8A1-B35E7AB90784}
	EndProjectSection
EndProject
Project("{FAE04EC0-301F-11D3-BF4B-00C04F79EFBC}") = "ConsoleApp", "ConsoleApp\ConsoleApp.csproj", "{359E64F7-D497-44BA-A4A3-AEDE4F399C67}"
EndProject
Project("{FAE04EC0-301F-11D3-BF4B-00C04F79EFBC}") = "PredictorConsole", "PredictorConsole\PredictorConsole.csproj", "{33D2E38A-95AA-4739-9B5B-03267FA7A8B3}"
EndProject
Project("{FAE04EC0-301F-11D3-BF4B-00C04F79EFBC}") = "PickerGUI", "PickerGUI\PickerGUI.csproj", "{6C03AA5C-0C41-400D-ABD7-DE5FDDE5AB92}"
EndProject
Global
	GlobalSection(SolutionConfigurationPlatforms) = preSolution
		Debug|Any CPU = Debug|Any CPU
		Release|Any CPU = Release|Any CPU
	EndGlobalSection
	GlobalSection(ProjectConfigurationPlatforms) = postSolution
		{FCCFCE05-0D17-48B6-A013-6FE795EE2C90}.Debug|Any CPU.ActiveCfg = Debug|Any CPU
		{FCCFCE05-0D17-48B6-A013-6FE795EE2C90}.Debug|Any CPU.Build.0 = Debug|Any CPU
		{FCCFCE05-0D17-48B6-A013-6FE795EE2C90}.Release|Any CPU.ActiveCfg = Release|Any CPU
		{FCCFCE05-0D17-48B6-A013-6FE795EE2C90}.Release|Any CPU.Build.0 = Release|Any CPU
		{36FB0424-EDFF-43F2-A8A1-B35E7AB90784}.Debug|Any CPU.ActiveCfg = Debug|Any CPU
		{36FB0424-EDFF-43F2-A8A1-B35E7AB90784}.Debug|Any CPU.Build.0 = Debug|Any CPU
		{36FB0424-EDFF-43F2-A8A1-B35E7AB90784}.Release|Any CPU.ActiveCfg = Release|Any CPU
		{36FB0424-EDFF-43F2-A8A1-B35E7AB90784}.Release|Any CPU.Build.0 = Release|Any CPU
		{1D6E84C5-F9E9-42C5-BD19-732B27C07F8C}.Debug|Any CPU.ActiveCfg = Debug|Any CPU
		{1D6E84C5-F9E9-42C5-BD19-732B27C07F8C}.Debug|Any CPU.Build.0 = Debug|Any CPU
		{1D6E84C5-F9E9-42C5-BD19-732B27C07F8C}.Release|Any CPU.ActiveCfg = Release|Any CPU
		{1D6E84C5-F9E9-42C5-BD19-732B27C07F8C}.Release|Any CPU.Build.0 = Release|Any CPU
		{359E64F7-D497-44BA-A4A3-AEDE4F399C67}.Debug|Any CPU.ActiveCfg = Debug|Any CPU
		{359E64F7-D497-44BA-A4A3-AEDE4F399C67}.Debug|Any CPU.Build.0 = Debug|Any CPU
		{359E64F7-D497-44BA-A4A3-AEDE4F399C67}.Release|Any CPU.ActiveCfg = Release|Any CPU
		{359E64F7-D497-44BA-A4A3-AEDE4F399C67}.Release|Any CPU.Build.0 = Release|Any CPU
		{33D2E38A-95AA-4739-9B5B-03267FA7A8B3}.Debug|Any CPU.ActiveCfg = Debug|Any CPU
		{33D2E38A-95AA-4739-9B5B-03267FA7A8B3}.Debug|Any CPU.Build.0 = Debug|Any CPU
		{33D2E38A-95AA-4739-9B5B-03267FA7A8B3}.Release|Any CPU.ActiveCfg = Release|Any CPU
		{33D2E38A-95AA-4739-9B5B-03267FA7A8B3}.Release|Any CPU.Build.0 = Release|Any CPU
		{6C03AA5C-0C41-400D-ABD7-DE5FDDE5AB92}.Debug|Any CPU.ActiveCfg = Debug|Any CPU
		{6C03AA5C-0C41-400D-ABD7-DE5FDDE5AB92}.Debug|Any CPU.Build.0 = Debug|Any CPU
		{6C03AA5C-0C41-400D-ABD7-DE5FDDE5AB92}.Release|Any CPU.ActiveCfg = Release|Any CPU
		{6C03AA5C-0C41-400D-ABD7-DE5FDDE5AB92}.Release|Any CPU.Build.0 = Release|Any CPU
	EndGlobalSection
	GlobalSection(SolutionProperties) = preSolution
		HideSolutionNode = FALSE
	EndGlobalSection
	GlobalSection(ExtensibilityGlobals) = postSolution
		SolutionGuid = {5A6CB0B8-3426-41A9-B363-9156AF9D3E9C}
	EndGlobalSection
EndGlobal
